
Microsoft Visual Studio Solution File, Format Version 11.00
# Visual Studio 2010
Project("{FAE04EC0-301F-11D3-BF4B-00C04F79EFBC}") = "ArgGuard", "ArgGuard\ArgGuard.csproj", "{1F74E775-F21A-41EC-BF1E-29993849DAE5}"
EndProject
Project("{FAE04EC0-301F-11D3-BF4B-00C04F79EFBC}") = "ArgGuard.Tests", "ArgGuard.Tests\ArgGuard.Tests.csproj", "{451AEFC7-8E98-4318-B2D3-26AC8FC12C9B}"
EndProject
Project("{2150E333-8FDC-42A3-9474-1A3956D46DE8}") = "Solution Items", "Solution Items", "{4A0177AE-A98D-4E1E-A59D-3C6CBFF3A728}"
	ProjectSection(SolutionItems) = preProject
		ArgGuard.vsmdi = ArgGuard.vsmdi
		Local.testsettings = Local.testsettings
		TraceAndTestImpact.testsettings = TraceAndTestImpact.testsettings
	EndProjectSection
EndProject
Global
	GlobalSection(TestCaseManagementSettings) = postSolution
		CategoryFile = ArgGuard.vsmdi
	EndGlobalSection
	GlobalSection(SolutionConfigurationPlatforms) = preSolution
		Debug|Any CPU = Debug|Any CPU
		Release|Any CPU = Release|Any CPU
	EndGlobalSection
	GlobalSection(ProjectConfigurationPlatforms) = postSolution
		{1F74E775-F21A-41EC-BF1E-29993849DAE5}.Debug|Any CPU.ActiveCfg = Debug|Any CPU
		{1F74E775-F21A-41EC-BF1E-29993849DAE5}.Debug|Any CPU.Build.0 = Debug|Any CPU
		{1F74E775-F21A-41EC-BF1E-29993849DAE5}.Release|Any CPU.ActiveCfg = Release|Any CPU
		{1F74E775-F21A-41EC-BF1E-29993849DAE5}.Release|Any CPU.Build.0 = Release|Any CPU
		{451AEFC7-8E98-4318-B2D3-26AC8FC12C9B}.Debug|Any CPU.ActiveCfg = Debug|Any CPU
		{451AEFC7-8E98-4318-B2D3-26AC8FC12C9B}.Debug|Any CPU.Build.0 = Debug|Any CPU
		{451AEFC7-8E98-4318-B2D3-26AC8FC12C9B}.Release|Any CPU.ActiveCfg = Release|Any CPU
		{451AEFC7-8E98-4318-B2D3-26AC8FC12C9B}.Release|Any CPU.Build.0 = Release|Any CPU
	EndGlobalSection
	GlobalSection(SolutionProperties) = preSolution
		HideSolutionNode = FALSE
	EndGlobalSection
EndGlobal
